
Microsoft Visual Studio Solution File, Format Version 12.00
# Visual Studio 14
VisualStudioVersion = 14.0.24720.0
MinimumVisualStudioVersion = 10.0.40219.1
Project("{FAE04EC0-301F-11D3-BF4B-00C04F79EFBC}") = "storeSmartFinderAPI", "storeSmartFinderAPI\storeSmartFinderAPI.csproj", "{C62CE0C9-6528-4398-AB2B-5444511EBF3D}"
EndProject
Project("{FAE04EC0-301F-11D3-BF4B-00C04F79EFBC}") = "storeSmartFinderAPI.Tests", "storeSmartFinderAPI.Tests\storeSmartFinderAPI.Tests.csproj", "{91F7F864-C4C8-4296-ABA0-E79985CBF41F}"
EndProject
Project("{FAE04EC0-301F-11D3-BF4B-00C04F79EFBC}") = "ObtenerDataGoogleMaps", "ObtenerDataGoogleMaps\ObtenerDataGoogleMaps.csproj", "{04ED6A26-AA93-4E68-872E-A8517B138211}"
EndProject
Global
	GlobalSection(SolutionConfigurationPlatforms) = preSolution
		Debug|Any CPU = Debug|Any CPU
		Release|Any CPU = Release|Any CPU
	EndGlobalSection
	GlobalSection(ProjectConfigurationPlatforms) = postSolution
		{C62CE0C9-6528-4398-AB2B-5444511EBF3D}.Debug|Any CPU.ActiveCfg = Debug|Any CPU
		{C62CE0C9-6528-4398-AB2B-5444511EBF3D}.Debug|Any CPU.Build.0 = Debug|Any CPU
		{C62CE0C9-6528-4398-AB2B-5444511EBF3D}.Release|Any CPU.ActiveCfg = Release|Any CPU
		{C62CE0C9-6528-4398-AB2B-5444511EBF3D}.Release|Any CPU.Build.0 = Release|Any CPU
		{91F7F864-C4C8-4296-ABA0-E79985CBF41F}.Debug|Any CPU.ActiveCfg = Debug|Any CPU
		{91F7F864-C4C8-4296-ABA0-E79985CBF41F}.Debug|Any CPU.Build.0 = Debug|Any CPU
		{91F7F864-C4C8-4296-ABA0-E79985CBF41F}.Release|Any CPU.ActiveCfg = Release|Any CPU
		{91F7F864-C4C8-4296-ABA0-E79985CBF41F}.Release|Any CPU.Build.0 = Release|Any CPU
		{04ED6A26-AA93-4E68-872E-A8517B138211}.Debug|Any CPU.ActiveCfg = Debug|Any CPU
		{04ED6A26-AA93-4E68-872E-A8517B138211}.Debug|Any CPU.Build.0 = Debug|Any CPU
		{04ED6A26-AA93-4E68-872E-A8517B138211}.Release|Any CPU.ActiveCfg = Release|Any CPU
		{04ED6A26-AA93-4E68-872E-A8517B138211}.Release|Any CPU.Build.0 = Release|Any CPU
	EndGlobalSection
	GlobalSection(SolutionProperties) = preSolution
		HideSolutionNode = FALSE
	EndGlobalSection
EndGlobal
